
Microsoft Visual Studio Solution File, Format Version 12.00
# Visual Studio Version 17
VisualStudioVersion = 17.5.002.0
MinimumVisualStudioVersion = 10.0.40219.1
Project("{9A19103F-16F7-4668-BE54-9A1E7A4F7556}") = "Razor_Estudos", "Razor_Estudos.csproj", "{8D833E1A-63FD-4A33-933B-C85D68F7AECF}"
EndProject
Global
	GlobalSection(SolutionConfigurationPlatforms) = preSolution
		Debug|Any CPU = Debug|Any CPU
		Release|Any CPU = Release|Any CPU
	EndGlobalSection
	GlobalSection(ProjectConfigurationPlatforms) = postSolution
		{8D833E1A-63FD-4A33-933B-C85D68F7AECF}.Debug|Any CPU.ActiveCfg = Debug|Any CPU
		{8D833E1A-63FD-4A33-933B-C85D68F7AECF}.Debug|Any CPU.Build.0 = Debug|Any CPU
		{8D833E1A-63FD-4A33-933B-C85D68F7AECF}.Release|Any CPU.ActiveCfg = Release|Any CPU
		{8D833E1A-63FD-4A33-933B-C85D68F7AECF}.Release|Any CPU.Build.0 = Release|Any CPU
	EndGlobalSection
	GlobalSection(SolutionProperties) = preSolution
		HideSolutionNode = FALSE
	EndGlobalSection
	GlobalSection(ExtensibilityGlobals) = postSolution
		SolutionGuid = {CCC47D40-7DB9-4A00-B714-10D635233F5C}
	EndGlobalSection
EndGlobal
